// !$*UTF8*$!
{
	archiveVersion = 1;
	classes = {
	};
	objectVersion = 56;
	objects = {

/* Begin PBXBuildFile section */
		0606488B2A940876001EFD7D /* HomeCellView.swift in Sources */ = {isa = PBXBuildFile; fileRef = 0606488A2A940876001EFD7D /* HomeCellView.swift */; };
		060782EA2A94ACA200FFF425 /* RussoOne-Regular.ttf in Resources */ = {isa = PBXBuildFile; fileRef = 060782E92A94ACA200FFF425 /* RussoOne-Regular.ttf */; };
		060782ED2A94BDF200FFF425 /* MainHomeCell.swift in Sources */ = {isa = PBXBuildFile; fileRef = 060782EC2A94BDF200FFF425 /* MainHomeCell.swift */; };
		0616FBF82A95FE3900656D37 /* LossesDataModel.swift in Sources */ = {isa = PBXBuildFile; fileRef = 0616FBF72A95FE3900656D37 /* LossesDataModel.swift */; };
		0616FBFC2A960D6300656D37 /* DetailTitleView.swift in Sources */ = {isa = PBXBuildFile; fileRef = 0616FBFB2A960D6300656D37 /* DetailTitleView.swift */; };
		0616FC072A9660C800656D37 /* WarMapWebView.swift in Sources */ = {isa = PBXBuildFile; fileRef = 0616FC062A9660C800656D37 /* WarMapWebView.swift */; };
		06179D072A9513D9007530E4 /* DetailView.swift in Sources */ = {isa = PBXBuildFile; fileRef = 06179D062A9513D9007530E4 /* DetailView.swift */; };
		062C82FE2A93985400EF35C7 /* WarShadowsAppApp.swift in Sources */ = {isa = PBXBuildFile; fileRef = 062C82FD2A93985400EF35C7 /* WarShadowsAppApp.swift */; };
		062C83002A93985400EF35C7 /* HomeView.swift in Sources */ = {isa = PBXBuildFile; fileRef = 062C82FF2A93985400EF35C7 /* HomeView.swift */; };
		062C83022A93985500EF35C7 /* Assets.xcassets in Resources */ = {isa = PBXBuildFile; fileRef = 062C83012A93985500EF35C7 /* Assets.xcassets */; };
		062C83052A93985500EF35C7 /* Preview Assets.xcassets in Resources */ = {isa = PBXBuildFile; fileRef = 062C83042A93985500EF35C7 /* Preview Assets.xcassets */; };
		062C830D2A939D2900EF35C7 /* WarMapView.swift in Sources */ = {isa = PBXBuildFile; fileRef = 062C830C2A939D2900EF35C7 /* WarMapView.swift */; };
		062C830F2A939D5500EF35C7 /* MainView.swift in Sources */ = {isa = PBXBuildFile; fileRef = 062C830E2A939D5500EF35C7 /* MainView.swift */; };
		062C83142A93A08500EF35C7 /* EquipmentModel.swift in Sources */ = {isa = PBXBuildFile; fileRef = 062C83132A93A08500EF35C7 /* EquipmentModel.swift */; };
		062C83162A93A1AB00EF35C7 /* LossesModel.swift in Sources */ = {isa = PBXBuildFile; fileRef = 062C83152A93A1AB00EF35C7 /* LossesModel.swift */; };
		062C83192A93A41A00EF35C7 /* NetworkManager.swift in Sources */ = {isa = PBXBuildFile; fileRef = 062C83182A93A41A00EF35C7 /* NetworkManager.swift */; };
		062C831C2A93A4F100EF35C7 /* Constants.swift in Sources */ = {isa = PBXBuildFile; fileRef = 062C831B2A93A4F100EF35C7 /* Constants.swift */; };
		062C831E2A93A51F00EF35C7 /* HomeViewModel.swift in Sources */ = {isa = PBXBuildFile; fileRef = 062C831D2A93A51F00EF35C7 /* HomeViewModel.swift */; };
/* End PBXBuildFile section */

/* Begin PBXFileReference section */
		0606488A2A940876001EFD7D /* HomeCellView.swift */ = {isa = PBXFileReference; lastKnownFileType = sourcecode.swift; path = HomeCellView.swift; sourceTree = "<group>"; };
		060782E92A94ACA200FFF425 /* RussoOne-Regular.ttf */ = {isa = PBXFileReference; lastKnownFileType = file; path = "RussoOne-Regular.ttf"; sourceTree = "<group>"; };
		060782EB2A94ACC400FFF425 /* Info.plist */ = {isa = PBXFileReference; lastKnownFileType = text.plist; path = Info.plist; sourceTree = "<group>"; };
		060782EC2A94BDF200FFF425 /* MainHomeCell.swift */ = {isa = PBXFileReference; lastKnownFileType = sourcecode.swift; path = MainHomeCell.swift; sourceTree = "<group>"; };
		0616FBF72A95FE3900656D37 /* LossesDataModel.swift */ = {isa = PBXFileReference; lastKnownFileType = sourcecode.swift; path = LossesDataModel.swift; sourceTree = "<group>"; };
		0616FBFB2A960D6300656D37 /* DetailTitleView.swift */ = {isa = PBXFileReference; lastKnownFileType = sourcecode.swift; path = DetailTitleView.swift; sourceTree = "<group>"; };
		0616FC062A9660C800656D37 /* WarMapWebView.swift */ = {isa = PBXFileReference; lastKnownFileType = sourcecode.swift; path = WarMapWebView.swift; sourceTree = "<group>"; };
		06179D062A9513D9007530E4 /* DetailView.swift */ = {isa = PBXFileReference; lastKnownFileType = sourcecode.swift; path = DetailView.swift; sourceTree = "<group>"; };
		062C82FA2A93985400EF35C7 /* WarShadowsApp.app */ = {isa = PBXFileReference; explicitFileType = wrapper.application; includeInIndex = 0; path = WarShadowsApp.app; sourceTree = BUILT_PRODUCTS_DIR; };
		062C82FD2A93985400EF35C7 /* WarShadowsAppApp.swift */ = {isa = PBXFileReference; lastKnownFileType = sourcecode.swift; path = WarShadowsAppApp.swift; sourceTree = "<group>"; };
		062C82FF2A93985400EF35C7 /* HomeView.swift */ = {isa = PBXFileReference; lastKnownFileType = sourcecode.swift; path = HomeView.swift; sourceTree = "<group>"; };
		062C83012A93985500EF35C7 /* Assets.xcassets */ = {isa = PBXFileReference; lastKnownFileType = folder.assetcatalog; path = Assets.xcassets; sourceTree = "<group>"; };
		062C83042A93985500EF35C7 /* Preview Assets.xcassets */ = {isa = PBXFileReference; lastKnownFileType = folder.assetcatalog; path = "Preview Assets.xcassets"; sourceTree = "<group>"; };
		062C830C2A939D2900EF35C7 /* WarMapView.swift */ = {isa = PBXFileReference; lastKnownFileType = sourcecode.swift; path = WarMapView.swift; sourceTree = "<group>"; };
		062C830E2A939D5500EF35C7 /* MainView.swift */ = {isa = PBXFileReference; lastKnownFileType = sourcecode.swift; path = MainView.swift; sourceTree = "<group>"; };
		062C83132A93A08500EF35C7 /* EquipmentModel.swift */ = {isa = PBXFileReference; lastKnownFileType = sourcecode.swift; path = EquipmentModel.swift; sourceTree = "<group>"; };
		062C83152A93A1AB00EF35C7 /* LossesModel.swift */ = {isa = PBXFileReference; lastKnownFileType = sourcecode.swift; path = LossesModel.swift; sourceTree = "<group>"; };
		062C83182A93A41A00EF35C7 /* NetworkManager.swift */ = {isa = PBXFileReference; lastKnownFileType = sourcecode.swift; path = NetworkManager.swift; sourceTree = "<group>"; };
		062C831B2A93A4F100EF35C7 /* Constants.swift */ = {isa = PBXFileReference; lastKnownFileType = sourcecode.swift; path = Constants.swift; sourceTree = "<group>"; };
		062C831D2A93A51F00EF35C7 /* HomeViewModel.swift */ = {isa = PBXFileReference; lastKnownFileType = sourcecode.swift; path = HomeViewModel.swift; sourceTree = "<group>"; };
/* End PBXFileReference section */

/* Begin PBXFrameworksBuildPhase section */
		062C82F72A93985400EF35C7 /* Frameworks */ = {
			isa = PBXFrameworksBuildPhase;
			buildActionMask = 2147483647;
			files = (
			);
			runOnlyForDeploymentPostprocessing = 0;
		};
/* End PBXFrameworksBuildPhase section */

/* Begin PBXGroup section */
		060782E82A94AC8B00FFF425 /* Fonts */ = {
			isa = PBXGroup;
			children = (
				060782E92A94ACA200FFF425 /* RussoOne-Regular.ttf */,
			);
			path = Fonts;
			sourceTree = "<group>";
		};
		0616FBF92A960D4200656D37 /* Home */ = {
			isa = PBXGroup;
			children = (
				060782EC2A94BDF200FFF425 /* MainHomeCell.swift */,
				0606488A2A940876001EFD7D /* HomeCellView.swift */,
			);
			path = Home;
			sourceTree = "<group>";
		};
		0616FBFA2A960D4B00656D37 /* Detail */ = {
			isa = PBXGroup;
			children = (
				0616FBFB2A960D6300656D37 /* DetailTitleView.swift */,
			);
			path = Detail;
			sourceTree = "<group>";
		};
		0616FC012A96606B00656D37 /* WarMapView */ = {
			isa = PBXGroup;
			children = (
				0616FC062A9660C800656D37 /* WarMapWebView.swift */,
			);
			path = WarMapView;
			sourceTree = "<group>";
		};
		062C82F12A93985400EF35C7 = {
			isa = PBXGroup;
			children = (
				062C82FC2A93985400EF35C7 /* WarShadowsApp */,
				062C82FB2A93985400EF35C7 /* Products */,
			);
			sourceTree = "<group>";
		};
		062C82FB2A93985400EF35C7 /* Products */ = {
			isa = PBXGroup;
			children = (
				062C82FA2A93985400EF35C7 /* WarShadowsApp.app */,
			);
			name = Products;
			sourceTree = "<group>";
		};
		062C82FC2A93985400EF35C7 /* WarShadowsApp */ = {
			isa = PBXGroup;
			children = (
				060782EB2A94ACC400FFF425 /* Info.plist */,
				062C830B2A939BC400EF35C7 /* App */,
				062C83102A939F9000EF35C7 /* Model */,
				062C83112A939F9800EF35C7 /* View */,
				062C83122A939F9F00EF35C7 /* ViewModel */,
				062C83172A93A3F300EF35C7 /* NetworkManager */,
				062C831A2A93A4D900EF35C7 /* Utillity */,
				062C83012A93985500EF35C7 /* Assets.xcassets */,
				062C83032A93985500EF35C7 /* Preview Content */,
			);
			path = WarShadowsApp;
			sourceTree = "<group>";
		};
		062C83032A93985500EF35C7 /* Preview Content */ = {
			isa = PBXGroup;
			children = (
				062C83042A93985500EF35C7 /* Preview Assets.xcassets */,
			);
			path = "Preview Content";
			sourceTree = "<group>";
		};
		062C830B2A939BC400EF35C7 /* App */ = {
			isa = PBXGroup;
			children = (
				062C82FD2A93985400EF35C7 /* WarShadowsAppApp.swift */,
				062C830E2A939D5500EF35C7 /* MainView.swift */,
				062C82FF2A93985400EF35C7 /* HomeView.swift */,
				062C830C2A939D2900EF35C7 /* WarMapView.swift */,
				06179D062A9513D9007530E4 /* DetailView.swift */,
			);
			path = App;
			sourceTree = "<group>";
		};
		062C83102A939F9000EF35C7 /* Model */ = {
			isa = PBXGroup;
			children = (
				062C83152A93A1AB00EF35C7 /* LossesModel.swift */,
				062C83132A93A08500EF35C7 /* EquipmentModel.swift */,
				0616FBF72A95FE3900656D37 /* LossesDataModel.swift */,
			);
			path = Model;
			sourceTree = "<group>";
		};
		062C83112A939F9800EF35C7 /* View */ = {
			isa = PBXGroup;
			children = (
				0616FBF92A960D4200656D37 /* Home */,
				0616FBFA2A960D4B00656D37 /* Detail */,
				0616FC012A96606B00656D37 /* WarMapView */,
			);
			path = View;
			sourceTree = "<group>";
		};
		062C83122A939F9F00EF35C7 /* ViewModel */ = {
			isa = PBXGroup;
			children = (
				062C831D2A93A51F00EF35C7 /* HomeViewModel.swift */,
			);
			path = ViewModel;
			sourceTree = "<group>";
		};
		062C83172A93A3F300EF35C7 /* NetworkManager */ = {
			isa = PBXGroup;
			children = (
				062C83182A93A41A00EF35C7 /* NetworkManager.swift */,
			);
			path = NetworkManager;
			sourceTree = "<group>";
		};
		062C831A2A93A4D900EF35C7 /* Utillity */ = {
			isa = PBXGroup;
			children = (
				060782E82A94AC8B00FFF425 /* Fonts */,
				062C831B2A93A4F100EF35C7 /* Constants.swift */,
			);
			path = Utillity;
			sourceTree = "<group>";
		};
/* End PBXGroup section */

/* Begin PBXNativeTarget section */
		062C82F92A93985400EF35C7 /* WarShadowsApp */ = {
			isa = PBXNativeTarget;
			buildConfigurationList = 062C83082A93985500EF35C7 /* Build configuration list for PBXNativeTarget "WarShadowsApp" */;
			buildPhases = (
				062C82F62A93985400EF35C7 /* Sources */,
				062C82F72A93985400EF35C7 /* Frameworks */,
				062C82F82A93985400EF35C7 /* Resources */,
			);
			buildRules = (
			);
			dependencies = (
			);
			name = WarShadowsApp;
			productName = WarShadowsApp;
			productReference = 062C82FA2A93985400EF35C7 /* WarShadowsApp.app */;
			productType = "com.apple.product-type.application";
		};
/* End PBXNativeTarget section */

/* Begin PBXProject section */
		062C82F22A93985400EF35C7 /* Project object */ = {
			isa = PBXProject;
			attributes = {
				BuildIndependentTargetsInParallel = 1;
				LastSwiftUpdateCheck = 1430;
				LastUpgradeCheck = 1430;
				TargetAttributes = {
					062C82F92A93985400EF35C7 = {
						CreatedOnToolsVersion = 14.3.1;
					};
				};
			};
			buildConfigurationList = 062C82F52A93985400EF35C7 /* Build configuration list for PBXProject "WarShadowsApp" */;
			compatibilityVersion = "Xcode 14.0";
			developmentRegion = en;
			hasScannedForEncodings = 0;
			knownRegions = (
				en,
				Base,
			);
			mainGroup = 062C82F12A93985400EF35C7;
			productRefGroup = 062C82FB2A93985400EF35C7 /* Products */;
			projectDirPath = "";
			projectRoot = "";
			targets = (
				062C82F92A93985400EF35C7 /* WarShadowsApp */,
			);
		};
/* End PBXProject section */

/* Begin PBXResourcesBuildPhase section */
		062C82F82A93985400EF35C7 /* Resources */ = {
			isa = PBXResourcesBuildPhase;
			buildActionMask = 2147483647;
			files = (
				062C83052A93985500EF35C7 /* Preview Assets.xcassets in Resources */,
				060782EA2A94ACA200FFF425 /* RussoOne-Regular.ttf in Resources */,
				062C83022A93985500EF35C7 /* Assets.xcassets in Resources */,
			);
			runOnlyForDeploymentPostprocessing = 0;
		};
/* End PBXResourcesBuildPhase section */

/* Begin PBXSourcesBuildPhase section */
		062C82F62A93985400EF35C7 /* Sources */ = {
			isa = PBXSourcesBuildPhase;
			buildActionMask = 2147483647;
			files = (
				0616FBFC2A960D6300656D37 /* DetailTitleView.swift in Sources */,
				062C83162A93A1AB00EF35C7 /* LossesModel.swift in Sources */,
				06179D072A9513D9007530E4 /* DetailView.swift in Sources */,
				062C831E2A93A51F00EF35C7 /* HomeViewModel.swift in Sources */,
				062C83002A93985400EF35C7 /* HomeView.swift in Sources */,
				0616FBF82A95FE3900656D37 /* LossesDataModel.swift in Sources */,
				062C83142A93A08500EF35C7 /* EquipmentModel.swift in Sources */,
				060782ED2A94BDF200FFF425 /* MainHomeCell.swift in Sources */,
				062C83192A93A41A00EF35C7 /* NetworkManager.swift in Sources */,
				062C830F2A939D5500EF35C7 /* MainView.swift in Sources */,
				0606488B2A940876001EFD7D /* HomeCellView.swift in Sources */,
				062C830D2A939D2900EF35C7 /* WarMapView.swift in Sources */,
				062C82FE2A93985400EF35C7 /* WarShadowsAppApp.swift in Sources */,
				0616FC072A9660C800656D37 /* WarMapWebView.swift in Sources */,
				062C831C2A93A4F100EF35C7 /* Constants.swift in Sources */,
			);
			runOnlyForDeploymentPostprocessing = 0;
		};
/* End PBXSourcesBuildPhase section */

/* Begin XCBuildConfiguration section */
		062C83062A93985500EF35C7 /* Debug */ = {
			isa = XCBuildConfiguration;
			buildSettings = {
				ALWAYS_SEARCH_USER_PATHS = NO;
				CLANG_ANALYZER_NONNULL = YES;
				CLANG_ANALYZER_NUMBER_OBJECT_CONVERSION = YES_AGGRESSIVE;
				CLANG_CXX_LANGUAGE_STANDARD = "gnu++20";
				CLANG_ENABLE_MODULES = YES;
				CLANG_ENABLE_OBJC_ARC = YES;
				CLANG_ENABLE_OBJC_WEAK = YES;
				CLANG_WARN_BLOCK_CAPTURE_AUTORELEASING = YES;
				CLANG_WARN_BOOL_CONVERSION = YES;
				CLANG_WARN_COMMA = YES;
				CLANG_WARN_CONSTANT_CONVERSION = YES;
				CLANG_WARN_DEPRECATED_OBJC_IMPLEMENTATIONS = YES;
				CLANG_WARN_DIRECT_OBJC_ISA_USAGE = YES_ERROR;
				CLANG_WARN_DOCUMENTATION_COMMENTS = YES;
				CLANG_WARN_EMPTY_BODY = YES;
				CLANG_WARN_ENUM_CONVERSION = YES;
				CLANG_WARN_INFINITE_RECURSION = YES;
				CLANG_WARN_INT_CONVERSION = YES;
				CLANG_WARN_NON_LITERAL_NULL_CONVERSION = YES;
				CLANG_WARN_OBJC_IMPLICIT_RETAIN_SELF = YES;
				CLANG_WARN_OBJC_LITERAL_CONVERSION = YES;
				CLANG_WARN_OBJC_ROOT_CLASS = YES_ERROR;
				CLANG_WARN_QUOTED_INCLUDE_IN_FRAMEWORK_HEADER = YES;
				CLANG_WARN_RANGE_LOOP_ANALYSIS = YES;
				CLANG_WARN_STRICT_PROTOTYPES = YES;
				CLANG_WARN_SUSPICIOUS_MOVE = YES;
				CLANG_WARN_UNGUARDED_AVAILABILITY = YES_AGGRESSIVE;
				CLANG_WARN_UNREACHABLE_CODE = YES;
				CLANG_WARN__DUPLICATE_METHOD_MATCH = YES;
				COPY_PHASE_STRIP = NO;
				DEBUG_INFORMATION_FORMAT = dwarf;
				ENABLE_STRICT_OBJC_MSGSEND = YES;
				ENABLE_TESTABILITY = YES;
				GCC_C_LANGUAGE_STANDARD = gnu11;
				GCC_DYNAMIC_NO_PIC = NO;
				GCC_NO_COMMON_BLOCKS = YES;
				GCC_OPTIMIZATION_LEVEL = 0;
				GCC_PREPROCESSOR_DEFINITIONS = (
					"DEBUG=1",
					"$(inherited)",
				);
				GCC_WARN_64_TO_32_BIT_CONVERSION = YES;
				GCC_WARN_ABOUT_RETURN_TYPE = YES_ERROR;
				GCC_WARN_UNDECLARED_SELECTOR = YES;
				GCC_WARN_UNINITIALIZED_AUTOS = YES_AGGRESSIVE;
				GCC_WARN_UNUSED_FUNCTION = YES;
				GCC_WARN_UNUSED_VARIABLE = YES;
				IPHONEOS_DEPLOYMENT_TARGET = 16.4;
				MTL_ENABLE_DEBUG_INFO = INCLUDE_SOURCE;
				MTL_FAST_MATH = YES;
				ONLY_ACTIVE_ARCH = YES;
				SDKROOT = iphoneos;
				SWIFT_ACTIVE_COMPILATION_CONDITIONS = DEBUG;
				SWIFT_OPTIMIZATION_LEVEL = "-Onone";
			};
			name = Debug;
		};
		062C83072A93985500EF35C7 /* Release */ = {
			isa = XCBuildConfiguration;
			buildSettings = {
				ALWAYS_SEARCH_USER_PATHS = NO;
				CLANG_ANALYZER_NONNULL = YES;
				CLANG_ANALYZER_NUMBER_OBJECT_CONVERSION = YES_AGGRESSIVE;
				CLANG_CXX_LANGUAGE_STANDARD = "gnu++20";
				CLANG_ENABLE_MODULES = YES;
				CLANG_ENABLE_OBJC_ARC = YES;
				CLANG_ENABLE_OBJC_WEAK = YES;
				CLANG_WARN_BLOCK_CAPTURE_AUTORELEASING = YES;
				CLANG_WARN_BOOL_CONVERSION = YES;
				CLANG_WARN_COMMA = YES;
				CLANG_WARN_CONSTANT_CONVERSION = YES;
				CLANG_WARN_DEPRECATED_OBJC_IMPLEMENTATIONS = YES;
				CLANG_WARN_DIRECT_OBJC_ISA_USAGE = YES_ERROR;
				CLANG_WARN_DOCUMENTATION_COMMENTS = YES;
				CLANG_WARN_EMPTY_BODY = YES;
				CLANG_WARN_ENUM_CONVERSION = YES;
				CLANG_WARN_INFINITE_RECURSION = YES;
				CLANG_WARN_INT_CONVERSION = YES;
				CLANG_WARN_NON_LITERAL_NULL_CONVERSION = YES;
				CLANG_WARN_OBJC_IMPLICIT_RETAIN_SELF = YES;
				CLANG_WARN_OBJC_LITERAL_CONVERSION = YES;
				CLANG_WARN_OBJC_ROOT_CLASS = YES_ERROR;
				CLANG_WARN_QUOTED_INCLUDE_IN_FRAMEWORK_HEADER = YES;
				CLANG_WARN_RANGE_LOOP_ANALYSIS = YES;
				CLANG_WARN_STRICT_PROTOTYPES = YES;
				CLANG_WARN_SUSPICIOUS_MOVE = YES;
				CLANG_WARN_UNGUARDED_AVAILABILITY = YES_AGGRESSIVE;
				CLANG_WARN_UNREACHABLE_CODE = YES;
				CLANG_WARN__DUPLICATE_METHOD_MATCH = YES;
				COPY_PHASE_STRIP = NO;
				DEBUG_INFORMATION_FORMAT = "dwarf-with-dsym";
				ENABLE_NS_ASSERTIONS = NO;
				ENABLE_STRICT_OBJC_MSGSEND = YES;
				GCC_C_LANGUAGE_STANDARD = gnu11;
				GCC_NO_COMMON_BLOCKS = YES;
				GCC_WARN_64_TO_32_BIT_CONVERSION = YES;
				GCC_WARN_ABOUT_RETURN_TYPE = YES_ERROR;
				GCC_WARN_UNDECLARED_SELECTOR = YES;
				GCC_WARN_UNINITIALIZED_AUTOS = YES_AGGRESSIVE;
				GCC_WARN_UNUSED_FUNCTION = YES;
				GCC_WARN_UNUSED_VARIABLE = YES;
				IPHONEOS_DEPLOYMENT_TARGET = 16.4;
				MTL_ENABLE_DEBUG_INFO = NO;
				MTL_FAST_MATH = YES;
				SDKROOT = iphoneos;
				SWIFT_COMPILATION_MODE = wholemodule;
				SWIFT_OPTIMIZATION_LEVEL = "-O";
				VALIDATE_PRODUCT = YES;
			};
			name = Release;
		};
		062C83092A93985500EF35C7 /* Debug */ = {
			isa = XCBuildConfiguration;
			buildSettings = {
				ASSETCATALOG_COMPILER_APPICON_NAME = AppIcon;
				ASSETCATALOG_COMPILER_GLOBAL_ACCENT_COLOR_NAME = AccentColor;
				CODE_SIGN_STYLE = Automatic;
				CURRENT_PROJECT_VERSION = 1;
				DEVELOPMENT_ASSET_PATHS = "\"WarShadowsApp/Preview Content\"";
				DEVELOPMENT_TEAM = MD9SFH54JC;
				ENABLE_PREVIEWS = YES;
				GENERATE_INFOPLIST_FILE = YES;
				INFOPLIST_FILE = WarShadowsApp/Info.plist;
				INFOPLIST_KEY_UIApplicationSceneManifest_Generation = YES;
				INFOPLIST_KEY_UIApplicationSupportsIndirectInputEvents = YES;
				INFOPLIST_KEY_UISupportedInterfaceOrientations_iPad = "UIInterfaceOrientationPortrait UIInterfaceOrientationPortraitUpsideDown UIInterfaceOrientationLandscapeLeft UIInterfaceOrientationLandscapeRight";
				INFOPLIST_KEY_UISupportedInterfaceOrientations_iPhone = "UIInterfaceOrientationPortrait UIInterfaceOrientationLandscapeLeft UIInterfaceOrientationLandscapeRight";
				LD_RUNPATH_SEARCH_PATHS = (
					"$(inherited)",
					"@executable_path/Frameworks",
				);
				MARKETING_VERSION = 1.0;
				PRODUCT_BUNDLE_IDENTIFIER = e.docenko.WarShadowsApp;
				PRODUCT_NAME = "$(TARGET_NAME)";
				SWIFT_EMIT_LOC_STRINGS = YES;
				SWIFT_VERSION = 5.0;
				TARGETED_DEVICE_FAMILY = "1,2";
			};
			name = Debug;
		};
		062C830A2A93985500EF35C7 /* Release */ = {
			isa = XCBuildConfiguration;
			buildSettings = {
				ASSETCATALOG_COMPILER_APPICON_NAME = AppIcon;
				ASSETCATALOG_COMPILER_GLOBAL_ACCENT_COLOR_NAME = AccentColor;
				CODE_SIGN_STYLE = Automatic;
				CURRENT_PROJECT_VERSION = 1;
				DEVELOPMENT_ASSET_PATHS = "\"WarShadowsApp/Preview Content\"";
				DEVELOPMENT_TEAM = MD9SFH54JC;
				ENABLE_PREVIEWS = YES;
				GENERATE_INFOPLIST_FILE = YES;
				INFOPLIST_FILE = WarShadowsApp/Info.plist;
				INFOPLIST_KEY_UIApplicationSceneManifest_Generation = YES;
				INFOPLIST_KEY_UIApplicationSupportsIndirectInputEvents = YES;
				INFOPLIST_KEY_UISupportedInterfaceOrientations_iPad = "UIInterfaceOrientationPortrait UIInterfaceOrientationPortraitUpsideDown UIInterfaceOrientationLandscapeLeft UIInterfaceOrientationLandscapeRight";
				INFOPLIST_KEY_UISupportedInterfaceOrientations_iPhone = "UIInterfaceOrientationPortrait UIInterfaceOrientationLandscapeLeft UIInterfaceOrientationLandscapeRight";
				LD_RUNPATH_SEARCH_PATHS = (
					"$(inherited)",
					"@executable_path/Frameworks",
				);
				MARKETING_VERSION = 1.0;
				PRODUCT_BUNDLE_IDENTIFIER = e.docenko.WarShadowsApp;
				PRODUCT_NAME = "$(TARGET_NAME)";
				SWIFT_EMIT_LOC_STRINGS = YES;
				SWIFT_VERSION = 5.0;
				TARGETED_DEVICE_FAMILY = "1,2";
			};
			name = Release;
		};
/* End XCBuildConfiguration section */

/* Begin XCConfigurationList section */
		062C82F52A93985400EF35C7 /* Build configuration list for PBXProject "WarShadowsApp" */ = {
			isa = XCConfigurationList;
			buildConfigurations = (
				062C83062A93985500EF35C7 /* Debug */,
				062C83072A93985500EF35C7 /* Release */,
			);
			defaultConfigurationIsVisible = 0;
			defaultConfigurationName = Release;
		};
		062C83082A93985500EF35C7 /* Build configuration list for PBXNativeTarget "WarShadowsApp" */ = {
			isa = XCConfigurationList;
			buildConfigurations = (
				062C83092A93985500EF35C7 /* Debug */,
				062C830A2A93985500EF35C7 /* Release */,
			);
			defaultConfigurationIsVisible = 0;
			defaultConfigurationName = Release;
		};
/* End XCConfigurationList section */
	};
	rootObject = 062C82F22A93985400EF35C7 /* Project object */;
}
